// !$*UTF8*$!
{
	archiveVersion = 1;
	classes = {
	};
	objectVersion = 46;
	objects = {

/* Begin PBXBuildFile section */
		D6DC717119924CCE002134F4 /* Foundation.framework in Frameworks */ = {isa = PBXBuildFile; fileRef = D6DC717019924CCE002134F4 /* Foundation.framework */; };
		D6DC717319924CCE002134F4 /* CoreGraphics.framework in Frameworks */ = {isa = PBXBuildFile; fileRef = D6DC717219924CCE002134F4 /* CoreGraphics.framework */; };
		D6DC717519924CCE002134F4 /* UIKit.framework in Frameworks */ = {isa = PBXBuildFile; fileRef = D6DC717419924CCE002134F4 /* UIKit.framework */; };
		D6DC717B19924CCE002134F4 /* InfoPlist.strings in Resources */ = {isa = PBXBuildFile; fileRef = D6DC717919924CCE002134F4 /* InfoPlist.strings */; };
		D6DC717D19924CCE002134F4 /* main.m in Sources */ = {isa = PBXBuildFile; fileRef = D6DC717C19924CCE002134F4 /* main.m */; };
		D6DC718119924CCE002134F4 /* WGAppDelegate.m in Sources */ = {isa = PBXBuildFile; fileRef = D6DC718019924CCE002134F4 /* WGAppDelegate.m */; };
		D6DC718319924CCE002134F4 /* Images.xcassets in Resources */ = {isa = PBXBuildFile; fileRef = D6DC718219924CCE002134F4 /* Images.xcassets */; };
		D6DC718A19924CCE002134F4 /* XCTest.framework in Frameworks */ = {isa = PBXBuildFile; fileRef = D6DC718919924CCE002134F4 /* XCTest.framework */; };
		D6DC718B19924CCE002134F4 /* Foundation.framework in Frameworks */ = {isa = PBXBuildFile; fileRef = D6DC717019924CCE002134F4 /* Foundation.framework */; };
		D6DC718C19924CCE002134F4 /* UIKit.framework in Frameworks */ = {isa = PBXBuildFile; fileRef = D6DC717419924CCE002134F4 /* UIKit.framework */; };
		D6DC719419924CCE002134F4 /* InfoPlist.strings in Resources */ = {isa = PBXBuildFile; fileRef = D6DC719219924CCE002134F4 /* InfoPlist.strings */; };
		D6DC719619924CCE002134F4 /* ClickWebViewImageTests.m in Sources */ = {isa = PBXBuildFile; fileRef = D6DC719519924CCE002134F4 /* ClickWebViewImageTests.m */; };
		D6DC71B519924CF3002134F4 /* MKAnnotationView+WebCache.m in Sources */ = {isa = PBXBuildFile; fileRef = D6DC71A119924CF3002134F4 /* MKAnnotationView+WebCache.m */; };
		D6DC71B619924CF3002134F4 /* SDImageCache.m in Sources */ = {isa = PBXBuildFile; fileRef = D6DC71A319924CF3002134F4 /* SDImageCache.m */; };
		D6DC71B719924CF3002134F4 /* SDWebImageCompat.m in Sources */ = {isa = PBXBuildFile; fileRef = D6DC71A519924CF3002134F4 /* SDWebImageCompat.m */; };
		D6DC71B819924CF3002134F4 /* SDWebImageDecoder.m in Sources */ = {isa = PBXBuildFile; fileRef = D6DC71A719924CF3002134F4 /* SDWebImageDecoder.m */; };
		D6DC71B919924CF3002134F4 /* SDWebImageDownloader.m in Sources */ = {isa = PBXBuildFile; fileRef = D6DC71A919924CF3002134F4 /* SDWebImageDownloader.m */; };
		D6DC71BA19924CF3002134F4 /* SDWebImageDownloaderOperation.m in Sources */ = {isa = PBXBuildFile; fileRef = D6DC71AB19924CF3002134F4 /* SDWebImageDownloaderOperation.m */; };
		D6DC71BB19924CF3002134F4 /* SDWebImageManager.m in Sources */ = {isa = PBXBuildFile; fileRef = D6DC71AD19924CF3002134F4 /* SDWebImageManager.m */; };
		D6DC71BC19924CF3002134F4 /* SDWebImagePrefetcher.m in Sources */ = {isa = PBXBuildFile; fileRef = D6DC71B019924CF3002134F4 /* SDWebImagePrefetcher.m */; };
		D6DC71BD19924CF3002134F4 /* UIButton+WebCache.m in Sources */ = {isa = PBXBuildFile; fileRef = D6DC71B219924CF3002134F4 /* UIButton+WebCache.m */; };
		D6DC71BE19924CF3002134F4 /* UIImageView+WebCache.m in Sources */ = {isa = PBXBuildFile; fileRef = D6DC71B419924CF3002134F4 /* UIImageView+WebCache.m */; };
		D6DC71C119924D11002134F4 /* WGWebViewController.m in Sources */ = {isa = PBXBuildFile; fileRef = D6DC71C019924D11002134F4 /* WGWebViewController.m */; };
		D6DC71C419924D5B002134F4 /* WebImageView.m in Sources */ = {isa = PBXBuildFile; fileRef = D6DC71C319924D5B002134F4 /* WebImageView.m */; };
		D6DC71C619924E08002134F4 /* download.png in Resources */ = {isa = PBXBuildFile; fileRef = D6DC71C519924E08002134F4 /* download.png */; };
/* End PBXBuildFile section */

/* Begin PBXContainerItemProxy section */
		D6DC718D19924CCE002134F4 /* PBXContainerItemProxy */ = {
			isa = PBXContainerItemProxy;
			containerPortal = D6DC716519924CCE002134F4 /* Project object */;
			proxyType = 1;
			remoteGlobalIDString = D6DC716C19924CCE002134F4;
			remoteInfo = ClickWebViewImage;
		};
/* End PBXContainerItemProxy section */

/* Begin PBXFileReference section */
		D6DC716D19924CCE002134F4 /* ClickWebViewImage.app */ = {isa = PBXFileReference; explicitFileType = wrapper.application; includeInIndex = 0; path = ClickWebViewImage.app; sourceTree = BUILT_PRODUCTS_DIR; };
		D6DC717019924CCE002134F4 /* Foundation.framework */ = {isa = PBXFileReference; lastKnownFileType = wrapper.framework; name = Foundation.framework; path = System/Library/Frameworks/Foundation.framework; sourceTree = SDKROOT; };
		D6DC717219924CCE002134F4 /* CoreGraphics.framework */ = {isa = PBXFileReference; lastKnownFileType = wrapper.framework; name = CoreGraphics.framework; path = System/Library/Frameworks/CoreGraphics.framework; sourceTree = SDKROOT; };
		D6DC717419924CCE002134F4 /* UIKit.framework */ = {isa = PBXFileReference; lastKnownFileType = wrapper.framework; name = UIKit.framework; path = System/Library/Frameworks/UIKit.framework; sourceTree = SDKROOT; };
		D6DC717819924CCE002134F4 /* ClickWebViewImage-Info.plist */ = {isa = PBXFileReference; lastKnownFileType = text.plist.xml; path = "ClickWebViewImage-Info.plist"; sourceTree = "<group>"; };
		D6DC717A19924CCE002134F4 /* en */ = {isa = PBXFileReference; lastKnownFileType = text.plist.strings; name = en; path = en.lproj/InfoPlist.strings; sourceTree = "<group>"; };
		D6DC717C19924CCE002134F4 /* main.m */ = {isa = PBXFileReference; lastKnownFileType = sourcecode.c.objc; path = main.m; sourceTree = "<group>"; };
		D6DC717E19924CCE002134F4 /* ClickWebViewImage-Prefix.pch */ = {isa = PBXFileReference; lastKnownFileType = sourcecode.c.h; path = "ClickWebViewImage-Prefix.pch"; sourceTree = "<group>"; };
		D6DC717F19924CCE002134F4 /* WGAppDelegate.h */ = {isa = PBXFileReference; lastKnownFileType = sourcecode.c.h; path = WGAppDelegate.h; sourceTree = "<group>"; };
		D6DC718019924CCE002134F4 /* WGAppDelegate.m */ = {isa = PBXFileReference; lastKnownFileType = sourcecode.c.objc; path = WGAppDelegate.m; sourceTree = "<group>"; };
		D6DC718219924CCE002134F4 /* Images.xcassets */ = {isa = PBXFileReference; lastKnownFileType = folder.assetcatalog; path = Images.xcassets; sourceTree = "<group>"; };
		D6DC718819924CCE002134F4 /* ClickWebViewImageTests.xctest */ = {isa = PBXFileReference; explicitFileType = wrapper.cfbundle; includeInIndex = 0; path = ClickWebViewImageTests.xctest; sourceTree = BUILT_PRODUCTS_DIR; };
		D6DC718919924CCE002134F4 /* XCTest.framework */ = {isa = PBXFileReference; lastKnownFileType = wrapper.framework; name = XCTest.framework; path = Library/Frameworks/XCTest.framework; sourceTree = DEVELOPER_DIR; };
		D6DC719119924CCE002134F4 /* ClickWebViewImageTests-Info.plist */ = {isa = PBXFileReference; lastKnownFileType = text.plist.xml; path = "ClickWebViewImageTests-Info.plist"; sourceTree = "<group>"; };
		D6DC719319924CCE002134F4 /* en */ = {isa = PBXFileReference; lastKnownFileType = text.plist.strings; name = en; path = en.lproj/InfoPlist.strings; sourceTree = "<group>"; };
		D6DC719519924CCE002134F4 /* ClickWebViewImageTests.m */ = {isa = PBXFileReference; lastKnownFileType = sourcecode.c.objc; path = ClickWebViewImageTests.m; sourceTree = "<group>"; };
		D6DC71A019924CF3002134F4 /* MKAnnotationView+WebCache.h */ = {isa = PBXFileReference; fileEncoding = 4; lastKnownFileType = sourcecode.c.h; path = "MKAnnotationView+WebCache.h"; sourceTree = "<group>"; };
		D6DC71A119924CF3002134F4 /* MKAnnotationView+WebCache.m */ = {isa = PBXFileReference; fileEncoding = 4; lastKnownFileType = sourcecode.c.objc; path = "MKAnnotationView+WebCache.m"; sourceTree = "<group>"; };
		D6DC71A219924CF3002134F4 /* SDImageCache.h */ = {isa = PBXFileReference; fileEncoding = 4; lastKnownFileType = sourcecode.c.h; path = SDImageCache.h; sourceTree = "<group>"; };
		D6DC71A319924CF3002134F4 /* SDImageCache.m */ = {isa = PBXFileReference; fileEncoding = 4; lastKnownFileType = sourcecode.c.objc; path = SDImageCache.m; sourceTree = "<group>"; };
		D6DC71A419924CF3002134F4 /* SDWebImageCompat.h */ = {isa = PBXFileReference; fileEncoding = 4; lastKnownFileType = sourcecode.c.h; path = SDWebImageCompat.h; sourceTree = "<group>"; };
		D6DC71A519924CF3002134F4 /* SDWebImageCompat.m */ = {isa = PBXFileReference; fileEncoding = 4; lastKnownFileType = sourcecode.c.objc; path = SDWebImageCompat.m; sourceTree = "<group>"; };
		D6DC71A619924CF3002134F4 /* SDWebImageDecoder.h */ = {isa = PBXFileReference; fileEncoding = 4; lastKnownFileType = sourcecode.c.h; path = SDWebImageDecoder.h; sourceTree = "<group>"; };
		D6DC71A719924CF3002134F4 /* SDWebImageDecoder.m */ = {isa = PBXFileReference; fileEncoding = 4; lastKnownFileType = sourcecode.c.objc; path = SDWebImageDecoder.m; sourceTree = "<group>"; };
		D6DC71A819924CF3002134F4 /* SDWebImageDownloader.h */ = {isa = PBXFileReference; fileEncoding = 4; lastKnownFileType = sourcecode.c.h; path = SDWebImageDownloader.h; sourceTree = "<group>"; };
		D6DC71A919924CF3002134F4 /* SDWebImageDownloader.m */ = {isa = PBXFileReference; fileEncoding = 4; lastKnownFileType = sourcecode.c.objc; path = SDWebImageDownloader.m; sourceTree = "<group>"; };
		D6DC71AA19924CF3002134F4 /* SDWebImageDownloaderOperation.h */ = {isa = PBXFileReference; fileEncoding = 4; lastKnownFileType = sourcecode.c.h; path = SDWebImageDownloaderOperation.h; sourceTree = "<group>"; };
		D6DC71AB19924CF3002134F4 /* SDWebImageDownloaderOperation.m */ = {isa = PBXFileReference; fileEncoding = 4; lastKnownFileType = sourcecode.c.objc; path = SDWebImageDownloaderOperation.m; sourceTree = "<group>"; };
		D6DC71AC19924CF3002134F4 /* SDWebImageManager.h */ = {isa = PBXFileReference; fileEncoding = 4; lastKnownFileType = sourcecode.c.h; path = SDWebImageManager.h; sourceTree = "<group>"; };
		D6DC71AD19924CF3002134F4 /* SDWebImageManager.m */ = {isa = PBXFileReference; fileEncoding = 4; lastKnownFileType = sourcecode.c.objc; path = SDWebImageManager.m; sourceTree = "<group>"; };
		D6DC71AE19924CF3002134F4 /* SDWebImageOperation.h */ = {isa = PBXFileReference; fileEncoding = 4; lastKnownFileType = sourcecode.c.h; path = SDWebImageOperation.h; sourceTree = "<group>"; };
		D6DC71AF19924CF3002134F4 /* SDWebImagePrefetcher.h */ = {isa = PBXFileReference; fileEncoding = 4; lastKnownFileType = sourcecode.c.h; path = SDWebImagePrefetcher.h; sourceTree = "<group>"; };
		D6DC71B019924CF3002134F4 /* SDWebImagePrefetcher.m */ = {isa = PBXFileReference; fileEncoding = 4; lastKnownFileType = sourcecode.c.objc; path = SDWebImagePrefetcher.m; sourceTree = "<group>"; };
		D6DC71B119924CF3002134F4 /* UIButton+WebCache.h */ = {isa = PBXFileReference; fileEncoding = 4; lastKnownFileType = sourcecode.c.h; path = "UIButton+WebCache.h"; sourceTree = "<group>"; };
		D6DC71B219924CF3002134F4 /* UIButton+WebCache.m */ = {isa = PBXFileReference; fileEncoding = 4; lastKnownFileType = sourcecode.c.objc; path = "UIButton+WebCache.m"; sourceTree = "<group>"; };
		D6DC71B319924CF3002134F4 /* UIImageView+WebCache.h */ = {isa = PBXFileReference; fileEncoding = 4; lastKnownFileType = sourcecode.c.h; path = "UIImageView+WebCache.h"; sourceTree = "<group>"; };
		D6DC71B419924CF3002134F4 /* UIImageView+WebCache.m */ = {isa = PBXFileReference; fileEncoding = 4; lastKnownFileType = sourcecode.c.objc; path = "UIImageView+WebCache.m"; sourceTree = "<group>"; };
		D6DC71BF19924D11002134F4 /* WGWebViewController.h */ = {isa = PBXFileReference; fileEncoding = 4; lastKnownFileType = sourcecode.c.h; path = WGWebViewController.h; sourceTree = "<group>"; };
		D6DC71C019924D11002134F4 /* WGWebViewController.m */ = {isa = PBXFileReference; fileEncoding = 4; lastKnownFileType = sourcecode.c.objc; path = WGWebViewController.m; sourceTree = "<group>"; };
		D6DC71C219924D5B002134F4 /* WebImageView.h */ = {isa = PBXFileReference; fileEncoding = 4; lastKnownFileType = sourcecode.c.h; path = WebImageView.h; sourceTree = "<group>"; };
		D6DC71C319924D5B002134F4 /* WebImageView.m */ = {isa = PBXFileReference; fileEncoding = 4; lastKnownFileType = sourcecode.c.objc; path = WebImageView.m; sourceTree = "<group>"; };
		D6DC71C519924E08002134F4 /* download.png */ = {isa = PBXFileReference; lastKnownFileType = image.png; path = download.png; sourceTree = "<group>"; };
/* End PBXFileReference section */

/* Begin PBXFrameworksBuildPhase section */
		D6DC716A19924CCE002134F4 /* Frameworks */ = {
			isa = PBXFrameworksBuildPhase;
			buildActionMask = 2147483647;
			files = (
				D6DC717319924CCE002134F4 /* CoreGraphics.framework in Frameworks */,
				D6DC717519924CCE002134F4 /* UIKit.framework in Frameworks */,
				D6DC717119924CCE002134F4 /* Foundation.framework in Frameworks */,
			);
			runOnlyForDeploymentPostprocessing = 0;
		};
		D6DC718519924CCE002134F4 /* Frameworks */ = {
			isa = PBXFrameworksBuildPhase;
			buildActionMask = 2147483647;
			files = (
				D6DC718A19924CCE002134F4 /* XCTest.framework in Frameworks */,
				D6DC718C19924CCE002134F4 /* UIKit.framework in Frameworks */,
				D6DC718B19924CCE002134F4 /* Foundation.framework in Frameworks */,
			);
			runOnlyForDeploymentPostprocessing = 0;
		};
/* End PBXFrameworksBuildPhase section */

/* Begin PBXGroup section */
		D6DC716419924CCE002134F4 = {
			isa = PBXGroup;
			children = (
				D6DC717619924CCE002134F4 /* ClickWebViewImage */,
				D6DC718F19924CCE002134F4 /* ClickWebViewImageTests */,
				D6DC716F19924CCE002134F4 /* Frameworks */,
				D6DC716E19924CCE002134F4 /* Products */,
			);
			sourceTree = "<group>";
		};
		D6DC716E19924CCE002134F4 /* Products */ = {
			isa = PBXGroup;
			children = (
				D6DC716D19924CCE002134F4 /* ClickWebViewImage.app */,
				D6DC718819924CCE002134F4 /* ClickWebViewImageTests.xctest */,
			);
			name = Products;
			sourceTree = "<group>";
		};
		D6DC716F19924CCE002134F4 /* Frameworks */ = {
			isa = PBXGroup;
			children = (
				D6DC717019924CCE002134F4 /* Foundation.framework */,
				D6DC717219924CCE002134F4 /* CoreGraphics.framework */,
				D6DC717419924CCE002134F4 /* UIKit.framework */,
				D6DC718919924CCE002134F4 /* XCTest.framework */,
			);
			name = Frameworks;
			sourceTree = "<group>";
		};
		D6DC717619924CCE002134F4 /* ClickWebViewImage */ = {
			isa = PBXGroup;
			children = (
				D6DC717F19924CCE002134F4 /* WGAppDelegate.h */,
				D6DC718019924CCE002134F4 /* WGAppDelegate.m */,
				D6DC718219924CCE002134F4 /* Images.xcassets */,
				D6DC719F19924CF3002134F4 /* SDWebImage */,
				D6DC717719924CCE002134F4 /* Supporting Files */,
				D6DC71BF19924D11002134F4 /* WGWebViewController.h */,
				D6DC71C019924D11002134F4 /* WGWebViewController.m */,
				D6DC71C219924D5B002134F4 /* WebImageView.h */,
				D6DC71C319924D5B002134F4 /* WebImageView.m */,
			);
			path = ClickWebViewImage;
			sourceTree = "<group>";
		};
		D6DC717719924CCE002134F4 /* Supporting Files */ = {
			isa = PBXGroup;
			children = (
				D6DC71C519924E08002134F4 /* download.png */,
				D6DC717819924CCE002134F4 /* ClickWebViewImage-Info.plist */,
				D6DC717919924CCE002134F4 /* InfoPlist.strings */,
				D6DC717C19924CCE002134F4 /* main.m */,
				D6DC717E19924CCE002134F4 /* ClickWebViewImage-Prefix.pch */,
			);
			name = "Supporting Files";
			sourceTree = "<group>";
		};
		D6DC718F19924CCE002134F4 /* ClickWebViewImageTests */ = {
			isa = PBXGroup;
			children = (
				D6DC719519924CCE002134F4 /* ClickWebViewImageTests.m */,
				D6DC719019924CCE002134F4 /* Supporting Files */,
			);
			path = ClickWebViewImageTests;
			sourceTree = "<group>";
		};
		D6DC719019924CCE002134F4 /* Supporting Files */ = {
			isa = PBXGroup;
			children = (
				D6DC719119924CCE002134F4 /* ClickWebViewImageTests-Info.plist */,
				D6DC719219924CCE002134F4 /* InfoPlist.strings */,
			);
			name = "Supporting Files";
			sourceTree = "<group>";
		};
		D6DC719F19924CF3002134F4 /* SDWebImage */ = {
			isa = PBXGroup;
			children = (
				D6DC71A019924CF3002134F4 /* MKAnnotationView+WebCache.h */,
				D6DC71A119924CF3002134F4 /* MKAnnotationView+WebCache.m */,
				D6DC71A219924CF3002134F4 /* SDImageCache.h */,
				D6DC71A319924CF3002134F4 /* SDImageCache.m */,
				D6DC71A419924CF3002134F4 /* SDWebImageCompat.h */,
				D6DC71A519924CF3002134F4 /* SDWebImageCompat.m */,
				D6DC71A619924CF3002134F4 /* SDWebImageDecoder.h */,
				D6DC71A719924CF3002134F4 /* SDWebImageDecoder.m */,
				D6DC71A819924CF3002134F4 /* SDWebImageDownloader.h */,
				D6DC71A919924CF3002134F4 /* SDWebImageDownloader.m */,
				D6DC71AA19924CF3002134F4 /* SDWebImageDownloaderOperation.h */,
				D6DC71AB19924CF3002134F4 /* SDWebImageDownloaderOperation.m */,
				D6DC71AC19924CF3002134F4 /* SDWebImageManager.h */,
				D6DC71AD19924CF3002134F4 /* SDWebImageManager.m */,
				D6DC71AE19924CF3002134F4 /* SDWebImageOperation.h */,
				D6DC71AF19924CF3002134F4 /* SDWebImagePrefetcher.h */,
				D6DC71B019924CF3002134F4 /* SDWebImagePrefetcher.m */,
				D6DC71B119924CF3002134F4 /* UIButton+WebCache.h */,
				D6DC71B219924CF3002134F4 /* UIButton+WebCache.m */,
				D6DC71B319924CF3002134F4 /* UIImageView+WebCache.h */,
				D6DC71B419924CF3002134F4 /* UIImageView+WebCache.m */,
			);
			path = SDWebImage;
			sourceTree = "<group>";
		};
/* End PBXGroup section */

/* Begin PBXNativeTarget section */
		D6DC716C19924CCE002134F4 /* ClickWebViewImage */ = {
			isa = PBXNativeTarget;
			buildConfigurationList = D6DC719919924CCE002134F4 /* Build configuration list for PBXNativeTarget "ClickWebViewImage" */;
			buildPhases = (
				D6DC716919924CCE002134F4 /* Sources */,
				D6DC716A19924CCE002134F4 /* Frameworks */,
				D6DC716B19924CCE002134F4 /* Resources */,
			);
			buildRules = (
			);
			dependencies = (
			);
			name = ClickWebViewImage;
			productName = ClickWebViewImage;
			productReference = D6DC716D19924CCE002134F4 /* ClickWebViewImage.app */;
			productType = "com.apple.product-type.application";
		};
		D6DC718719924CCE002134F4 /* ClickWebViewImageTests */ = {
			isa = PBXNativeTarget;
			buildConfigurationList = D6DC719C19924CCE002134F4 /* Build configuration list for PBXNativeTarget "ClickWebViewImageTests" */;
			buildPhases = (
				D6DC718419924CCE002134F4 /* Sources */,
				D6DC718519924CCE002134F4 /* Frameworks */,
				D6DC718619924CCE002134F4 /* Resources */,
			);
			buildRules = (
			);
			dependencies = (
				D6DC718E19924CCE002134F4 /* PBXTargetDependency */,
			);
			name = ClickWebViewImageTests;
			productName = ClickWebViewImageTests;
			productReference = D6DC718819924CCE002134F4 /* ClickWebViewImageTests.xctest */;
			productType = "com.apple.product-type.bundle.unit-test";
		};
/* End PBXNativeTarget section */

/* Begin PBXProject section */
		D6DC716519924CCE002134F4 /* Project object */ = {
			isa = PBXProject;
			attributes = {
				CLASSPREFIX = WG;
				LastUpgradeCheck = 0510;
				ORGANIZATIONNAME = wwwlife;
				TargetAttributes = {
					D6DC718719924CCE002134F4 = {
						TestTargetID = D6DC716C19924CCE002134F4;
					};
				};
			};
			buildConfigurationList = D6DC716819924CCE002134F4 /* Build configuration list for PBXProject "ClickWebViewImage" */;
			compatibilityVersion = "Xcode 3.2";
			developmentRegion = English;
			hasScannedForEncodings = 0;
			knownRegions = (
				en,
			);
			mainGroup = D6DC716419924CCE002134F4;
			productRefGroup = D6DC716E19924CCE002134F4 /* Products */;
			projectDirPath = "";
			projectRoot = "";
			targets = (
				D6DC716C19924CCE002134F4 /* ClickWebViewImage */,
				D6DC718719924CCE002134F4 /* ClickWebViewImageTests */,
			);
		};
/* End PBXProject section */

/* Begin PBXResourcesBuildPhase section */
		D6DC716B19924CCE002134F4 /* Resources */ = {
			isa = PBXResourcesBuildPhase;
			buildActionMask = 2147483647;
			files = (
				D6DC717B19924CCE002134F4 /* InfoPlist.strings in Resources */,
				D6DC718319924CCE002134F4 /* Images.xcassets in Resources */,
				D6DC71C619924E08002134F4 /* download.png in Resources */,
			);
			runOnlyForDeploymentPostprocessing = 0;
		};
		D6DC718619924CCE002134F4 /* Resources */ = {
			isa = PBXResourcesBuildPhase;
			buildActionMask = 2147483647;
			files = (
				D6DC719419924CCE002134F4 /* InfoPlist.strings in Resources */,
			);
			runOnlyForDeploymentPostprocessing = 0;
		};
/* End PBXResourcesBuildPhase section */

/* Begin PBXSourcesBuildPhase section */
		D6DC716919924CCE002134F4 /* Sources */ = {
			isa = PBXSourcesBuildPhase;
			buildActionMask = 2147483647;
			files = (
				D6DC718119924CCE002134F4 /* WGAppDelegate.m in Sources */,
				D6DC71C119924D11002134F4 /* WGWebViewController.m in Sources */,
				D6DC71BC19924CF3002134F4 /* SDWebImagePrefetcher.m in Sources */,
				D6DC71BE19924CF3002134F4 /* UIImageView+WebCache.m in Sources */,
				D6DC717D19924CCE002134F4 /* main.m in Sources */,
				D6DC71BD19924CF3002134F4 /* UIButton+WebCache.m in Sources */,
				D6DC71BA19924CF3002134F4 /* SDWebImageDownloaderOperation.m in Sources */,
				D6DC71BB19924CF3002134F4 /* SDWebImageManager.m in Sources */,
				D6DC71B719924CF3002134F4 /* SDWebImageCompat.m in Sources */,
				D6DC71C419924D5B002134F4 /* WebImageView.m in Sources */,
				D6DC71B519924CF3002134F4 /* MKAnnotationView+WebCache.m in Sources */,
				D6DC71B819924CF3002134F4 /* SDWebImageDecoder.m in Sources */,
				D6DC71B919924CF3002134F4 /* SDWebImageDownloader.m in Sources */,
				D6DC71B619924CF3002134F4 /* SDImageCache.m in Sources */,
			);
			runOnlyForDeploymentPostprocessing = 0;
		};
		D6DC718419924CCE002134F4 /* Sources */ = {
			isa = PBXSourcesBuildPhase;
			buildActionMask = 2147483647;
			files = (
				D6DC719619924CCE002134F4 /* ClickWebViewImageTests.m in Sources */,
			);
			runOnlyForDeploymentPostprocessing = 0;
		};
/* End PBXSourcesBuildPhase section */

/* Begin PBXTargetDependency section */
		D6DC718E19924CCE002134F4 /* PBXTargetDependency */ = {
			isa = PBXTargetDependency;
			target = D6DC716C19924CCE002134F4 /* ClickWebViewImage */;
			targetProxy = D6DC718D19924CCE002134F4 /* PBXContainerItemProxy */;
		};
/* End PBXTargetDependency section */

/* Begin PBXVariantGroup section */
		D6DC717919924CCE002134F4 /* InfoPlist.strings */ = {
			isa = PBXVariantGroup;
			children = (
				D6DC717A19924CCE002134F4 /* en */,
			);
			name = InfoPlist.strings;
			sourceTree = "<group>";
		};
		D6DC719219924CCE002134F4 /* InfoPlist.strings */ = {
			isa = PBXVariantGroup;
			children = (
				D6DC719319924CCE002134F4 /* en */,
			);
			name = InfoPlist.strings;
			sourceTree = "<group>";
		};
/* End PBXVariantGroup section */

/* Begin XCBuildConfiguration section */
		D6DC719719924CCE002134F4 /* Debug */ = {
			isa = XCBuildConfiguration;
			buildSettings = {
				ALWAYS_SEARCH_USER_PATHS = NO;
				CLANG_CXX_LANGUAGE_STANDARD = "gnu++0x";
				CLANG_CXX_LIBRARY = "libc++";
				CLANG_ENABLE_MODULES = YES;
				CLANG_ENABLE_OBJC_ARC = YES;
				CLANG_WARN_BOOL_CONVERSION = YES;
				CLANG_WARN_CONSTANT_CONVERSION = YES;
				CLANG_WARN_DIRECT_OBJC_ISA_USAGE = YES_ERROR;
				CLANG_WARN_EMPTY_BODY = YES;
				CLANG_WARN_ENUM_CONVERSION = YES;
				CLANG_WARN_INT_CONVERSION = YES;
				CLANG_WARN_OBJC_ROOT_CLASS = YES_ERROR;
				CLANG_WARN__DUPLICATE_METHOD_MATCH = YES;
				"CODE_SIGN_IDENTITY[sdk=iphoneos*]" = "iPhone Developer";
				COPY_PHASE_STRIP = NO;
				GCC_C_LANGUAGE_STANDARD = gnu99;
				GCC_DYNAMIC_NO_PIC = NO;
				GCC_OPTIMIZATION_LEVEL = 0;
				GCC_PREPROCESSOR_DEFINITIONS = (
					"DEBUG=1",
					"$(inherited)",
				);
				GCC_SYMBOLS_PRIVATE_EXTERN = NO;
				GCC_WARN_64_TO_32_BIT_CONVERSION = YES;
				GCC_WARN_ABOUT_RETURN_TYPE = YES_ERROR;
				GCC_WARN_UNDECLARED_SELECTOR = YES;
				GCC_WARN_UNINITIALIZED_AUTOS = YES_AGGRESSIVE;
				GCC_WARN_UNUSED_FUNCTION = YES;
				GCC_WARN_UNUSED_VARIABLE = YES;
				IPHONEOS_DEPLOYMENT_TARGET = 7.1;
				ONLY_ACTIVE_ARCH = YES;
				SDKROOT = iphoneos;
			};
			name = Debug;
		};
		D6DC719819924CCE002134F4 /* Release */ = {
			isa = XCBuildConfiguration;
			buildSettings = {
				ALWAYS_SEARCH_USER_PATHS = NO;
				CLANG_CXX_LANGUAGE_STANDARD = "gnu++0x";
				CLANG_CXX_LIBRARY = "libc++";
				CLANG_ENABLE_MODULES = YES;
				CLANG_ENABLE_OBJC_ARC = YES;
				CLANG_WARN_BOOL_CONVERSION = YES;
				CLANG_WARN_CONSTANT_CONVERSION = YES;
				CLANG_WARN_DIRECT_OBJC_ISA_USAGE = YES_ERROR;
				CLANG_WARN_EMPTY_BODY = YES;
				CLANG_WARN_ENUM_CONVERSION = YES;
				CLANG_WARN_INT_CONVERSION = YES;
				CLANG_WARN_OBJC_ROOT_CLASS = YES_ERROR;
				CLANG_WARN__DUPLICATE_METHOD_MATCH = YES;
				"CODE_SIGN_IDENTITY[sdk=iphoneos*]" = "iPhone Developer";
				COPY_PHASE_STRIP = YES;
				ENABLE_NS_ASSERTIONS = NO;
				GCC_C_LANGUAGE_STANDARD = gnu99;
				GCC_WARN_64_TO_32_BIT_CONVERSION = YES;
				GCC_WARN_ABOUT_RETURN_TYPE = YES_ERROR;
				GCC_WARN_UNDECLARED_SELECTOR = YES;
				GCC_WARN_UNINITIALIZED_AUTOS = YES_AGGRESSIVE;
				GCC_WARN_UNUSED_FUNCTION = YES;
				GCC_WARN_UNUSED_VARIABLE = YES;
				IPHONEOS_DEPLOYMENT_TARGET = 7.1;
				SDKROOT = iphoneos;
				VALIDATE_PRODUCT = YES;
			};
			name = Release;
		};
		D6DC719A19924CCE002134F4 /* Debug */ = {
			isa = XCBuildConfiguration;
			buildSettings = {
				ASSETCATALOG_COMPILER_APPICON_NAME = AppIcon;
				ASSETCATALOG_COMPILER_LAUNCHIMAGE_NAME = LaunchImage;
				GCC_PRECOMPILE_PREFIX_HEADER = YES;
				GCC_PREFIX_HEADER = "ClickWebViewImage/ClickWebViewImage-Prefix.pch";
				INFOPLIST_FILE = "ClickWebViewImage/ClickWebViewImage-Info.plist";
				PRODUCT_NAME = "$(TARGET_NAME)";
				WRAPPER_EXTENSION = app;
			};
			name = Debug;
		};
		D6DC719B19924CCE002134F4 /* Release */ = {
			isa = XCBuildConfiguration;
			buildSettings = {
				ASSETCATALOG_COMPILER_APPICON_NAME = AppIcon;
				ASSETCATALOG_COMPILER_LAUNCHIMAGE_NAME = LaunchImage;
				GCC_PRECOMPILE_PREFIX_HEADER = YES;
				GCC_PREFIX_HEADER = "ClickWebViewImage/ClickWebViewImage-Prefix.pch";
				INFOPLIST_FILE = "ClickWebViewImage/ClickWebViewImage-Info.plist";
				PRODUCT_NAME = "$(TARGET_NAME)";
				WRAPPER_EXTENSION = app;
			};
			name = Release;
		};
		D6DC719D19924CCE002134F4 /* Debug */ = {
			isa = XCBuildConfiguration;
			buildSettings = {
				BUNDLE_LOADER = "$(BUILT_PRODUCTS_DIR)/ClickWebViewImage.app/ClickWebViewImage";
				FRAMEWORK_SEARCH_PATHS = (
					"$(SDKROOT)/Developer/Library/Frameworks",
					"$(inherited)",
					"$(DEVELOPER_FRAMEWORKS_DIR)",
				);
				GCC_PRECOMPILE_PREFIX_HEADER = YES;
				GCC_PREFIX_HEADER = "ClickWebViewImage/ClickWebViewImage-Prefix.pch";
				GCC_PREPROCESSOR_DEFINITIONS = (
					"DEBUG=1",
					"$(inherited)",
				);
				INFOPLIST_FILE = "ClickWebViewImageTests/ClickWebViewImageTests-Info.plist";
				PRODUCT_NAME = "$(TARGET_NAME)";
				TEST_HOST = "$(BUNDLE_LOADER)";
				WRAPPER_EXTENSION = xctest;
			};
			name = Debug;
		};
		D6DC719E19924CCE002134F4 /* Release */ = {
			isa = XCBuildConfiguration;
			buildSettings = {
				BUNDLE_LOADER = "$(BUILT_PRODUCTS_DIR)/ClickWebViewImage.app/ClickWebViewImage";
				FRAMEWORK_SEARCH_PATHS = (
					"$(SDKROOT)/Developer/Library/Frameworks",
					"$(inherited)",
					"$(DEVELOPER_FRAMEWORKS_DIR)",
				);
				GCC_PRECOMPILE_PREFIX_HEADER = YES;
				GCC_PREFIX_HEADER = "ClickWebViewImage/ClickWebViewImage-Prefix.pch";
				INFOPLIST_FILE = "ClickWebViewImageTests/ClickWebViewImageTests-Info.plist";
				PRODUCT_NAME = "$(TARGET_NAME)";
				TEST_HOST = "$(BUNDLE_LOADER)";
				WRAPPER_EXTENSION = xctest;
			};
			name = Release;
		};
/* End XCBuildConfiguration section */

/* Begin XCConfigurationList section */
		D6DC716819924CCE002134F4 /* Build configuration list for PBXProject "ClickWebViewImage" */ = {
			isa = XCConfigurationList;
			buildConfigurations = (
				D6DC719719924CCE002134F4 /* Debug */,
				D6DC719819924CCE002134F4 /* Release */,
			);
			defaultConfigurationIsVisible = 0;
			defaultConfigurationName = Release;
		};
		D6DC719919924CCE002134F4 /* Build configuration list for PBXNativeTarget "ClickWebViewImage" */ = {
			isa = XCConfigurationList;
			buildConfigurations = (
				D6DC719A19924CCE002134F4 /* Debug */,
				D6DC719B19924CCE002134F4 /* Release */,
			);
			defaultConfigurationIsVisible = 0;
		};
		D6DC719C19924CCE002134F4 /* Build configuration list for PBXNativeTarget "ClickWebViewImageTests" */ = {
			isa = XCConfigurationList;
			buildConfigurations = (
				D6DC719D19924CCE002134F4 /* Debug */,
				D6DC719E19924CCE002134F4 /* Release */,
			);
			defaultConfigurationIsVisible = 0;
		};
/* End XCConfigurationList section */
	};
	rootObject = D6DC716519924CCE002134F4 /* Project object */;
}
